
Microsoft Visual Studio Solution File, Format Version 12.00
# Visual Studio Version 17
VisualStudioVersion = 17.7.34009.444
MinimumVisualStudioVersion = 10.0.40219.1
Project("{FAE04EC0-301F-11D3-BF4B-00C04F79EFBC}") = "WpfApp4", "WpfApp4\WpfApp4.csproj", "{6FED220F-A24C-4E72-A8CB-9E1811583AC3}"
EndProject
Global
	GlobalSection(SolutionConfigurationPlatforms) = preSolution
		Debug|Any CPU = Debug|Any CPU
		Release|Any CPU = Release|Any CPU
	EndGlobalSection
	GlobalSection(ProjectConfigurationPlatforms) = postSolution
		{6FED220F-A24C-4E72-A8CB-9E1811583AC3}.Debug|Any CPU.ActiveCfg = Debug|Any CPU
		{6FED220F-A24C-4E72-A8CB-9E1811583AC3}.Debug|Any CPU.Build.0 = Debug|Any CPU
		{6FED220F-A24C-4E72-A8CB-9E1811583AC3}.Release|Any CPU.ActiveCfg = Release|Any CPU
		{6FED220F-A24C-4E72-A8CB-9E1811583AC3}.Release|Any CPU.Build.0 = Release|Any CPU
	EndGlobalSection
	GlobalSection(SolutionProperties) = preSolution
		HideSolutionNode = FALSE
	EndGlobalSection
	GlobalSection(ExtensibilityGlobals) = postSolution
		SolutionGuid = {DBA17B9C-CFF3-49BA-874F-CC878482C0FF}
	EndGlobalSection
EndGlobal
